{
  "name": "kr-vue",
  "version": "1.0.0",
  "lockfileVersion": 1,
  "dependencies": {
    "async-validator": {
      "version": "1.8.2",
      "resolved": "https://registry.npmjs.org/async-validator/-/async-validator-1.8.2.tgz",
      "integrity": "sha1-t3WXIm6WJC+NUxwNRq4pX2JCK6Q="
    },
    "babel-runtime": {
      "version": "6.26.0",
      "resolved": "https://registry.npmjs.org/babel-runtime/-/babel-runtime-6.26.0.tgz",
      "integrity": "sha1-llxwWGaOgrVde/4E/yM3vItWR/4="
    },
    "batch-processor": {
      "version": "1.0.0",
      "resolved": "https://registry.npmjs.org/batch-processor/-/batch-processor-1.0.0.tgz",
      "integrity": "sha1-dclcMrdI4IUNEMKxaPa9vpiRrOg="
    },
    "core-js": {
      "version": "2.5.3",
      "resolved": "https://registry.npmjs.org/core-js/-/core-js-2.5.3.tgz",
      "integrity": "sha1-isw4NFgk8W2DZbfJtCWRaOjtYD4="
    },
    "de-indent": {
      "version": "1.0.2",
      "resolved": "https://registry.npmjs.org/de-indent/-/de-indent-1.0.2.tgz",
      "integrity": "sha1-sgOOhG3DO6pXlhKNCAS0VbjB4h0="
    },
    "deepmerge": {
      "version": "1.5.2",
      "resolved": "https://registry.npmjs.org/deepmerge/-/deepmerge-1.5.2.tgz",
      "integrity": "sha512-95k0GDqvBjZavkuvzx/YqVLv/6YYa17fz6ILMSf7neqQITCPbnfEnQvEgMPNjH4kgobe7+WIL0yJEHku+H3qtQ=="
    },
    "element-resize-detector": {
      "version": "1.1.12",
      "resolved": "https://registry.npmjs.org/element-resize-detector/-/element-resize-detector-1.1.12.tgz",
      "integrity": "sha1-iz/W7t2hf5wAs2Cg6i35knroC6I="
    },
    "he": {
      "version": "1.1.1",
      "resolved": "https://registry.npmjs.org/he/-/he-1.1.1.tgz",
      "integrity": "sha1-k0EP0hsAlzUVH4howvJx80J+I/0="
    },
    "iview": {
      "version": "2.8.0",
      "resolved": "https://registry.npmjs.org/iview/-/iview-2.8.0.tgz",
      "integrity": "sha512-S7T/tJhmuTH8apRGtLdVj32Mn3j6EVlWjmaCATXzZkm1NBTmTXtgv4tkgIWU4trEuVtNgwEvS+nNgXnAAnn35Q=="
    },
    "lodash.throttle": {
      "version": "4.1.1",
      "resolved": "https://registry.npmjs.org/lodash.throttle/-/lodash.throttle-4.1.1.tgz",
      "integrity": "sha1-wj6RtxAkKscMN/HhzaknTMOb8vQ="
    },
    "popper.js": {
      "version": "0.6.4",
      "resolved": "https://registry.npmjs.org/popper.js/-/popper.js-0.6.4.tgz",
      "integrity": "sha1-GDfEdgr1TSuyC2b5wJuSmT2Exik="
    },
    "regenerator-runtime": {
      "version": "0.11.1",
      "resolved": "https://registry.npmjs.org/regenerator-runtime/-/regenerator-runtime-0.11.1.tgz",
      "integrity": "sha512-MguG95oij0fC3QV3URf4V2SDYGJhJnJGqvIIgdECeODCT98wSWDAJ94SSuVpYQUoTcGUIL6L4yNB7j1DFFHSBg=="
    },
    "tinycolor2": {
      "version": "1.4.1",
      "resolved": "https://registry.npmjs.org/tinycolor2/-/tinycolor2-1.4.1.tgz",
      "integrity": "sha1-9PrTM0R7wLB9TcjpIJ2POaisd+g="
    },
    "vue": {
      "version": "2.3.4",
      "resolved": "https://registry.npmjs.org/vue/-/vue-2.3.4.tgz",
      "integrity": "sha512-oLCxuVcVQ2inwSbS7B+zfjB6CSjgQ0yyCOzPcg7S5CXeOCbtkaiN5frR6MtwvrveqbG86OsGd9jWf6JsGyQkLw=="
    },
    "vue-template-compiler": {
      "version": "2.4.4",
      "resolved": "https://registry.npmjs.org/vue-template-compiler/-/vue-template-compiler-2.4.4.tgz",
      "integrity": "sha512-XdHsNi8Z5WqwuFl/Z5eLKgE2DOEEOdMk1aA459uSgvwyy+pjKLBlQWsUpAtoR6o6Wmpujw6NtinAUGuqSTituQ=="
    }
  }
}
